<?xml version="1.0" encoding="utf-8"?>
<Project ToolsVersion="4.0" xmlns="http://schemas.microsoft.com/developer/msbuild/2003">
  <ItemGroup>
    <Filter Include="Quelldateien">
      <UniqueIdentifier>{4FC737F1-C7A5-4376-A066-2A32D752A2FF}</UniqueIdentifier>
      <Extensions>cpp;c;cc;cxx;def;odl;idl;hpj;bat;asm;asmx</Extensions>
    </Filter>
    <Filter Include="Headerdateien">
      <UniqueIdentifier>{93995380-89BD-4b04-88EB-625FBE52EBFB}</UniqueIdentifier>
      <Extensions>h;hh;hpp;hxx;hm;inl;inc;ipp;xsd</Extensions>
    </Filter>
    <Filter Include="Ressourcendateien">
      <UniqueIdentifier>{67DA6AB6-F800-4c08-8B7A-83BB121AAD01}</UniqueIdentifier>
      <Extensions>rc;ico;cur;bmp;dlg;rc2;rct;bin;rgs;gif;jpg;jpeg;jpe;resx;tiff;tif;png;wav;mfcribbon-ms</Extensions>
    </Filter>
    <Filter Include="Headerdateien\Window">
      <UniqueIdentifier>{48e656a0-1e67-4767-b184-68496e04d6ff}</UniqueIdentifier>
    </Filter>
    <Filter Include="Quelldateien\Window">
      <UniqueIdentifier>{d491c049-829a-47fb-b2df-9527e22e0224}</UniqueIdentifier>
    </Filter>
    <Filter Include="Headerdateien\Utils">
      <UniqueIdentifier>{ee16e6b5-fdd8-4eed-ab85-002701ffe843}</UniqueIdentifier>
    </Filter>
    <Filter Include="Quelldateien\Utils">
      <UniqueIdentifier>{f3c9ea84-32f3-4159-978e-c888228b35e2}</UniqueIdentifier>
    </Filter>
    <Filter Include="Ressourcendateien\Shaders">
      <UniqueIdentifier>{9ed9dee1-00ac-43b6-9bfe-891f59c2c409}</UniqueIdentifier>
    </Filter>
    <Filter Include="Quelldateien\Gfx">
      <UniqueIdentifier>{a89cce8e-6135-429b-adef-78343567610a}</UniqueIdentifier>
    </Filter>
    <Filter Include="Headerdateien\Gfx">
      <UniqueIdentifier>{be24a882-cd23-4746-ad74-cae6f0c4e408}</UniqueIdentifier>
    </Filter>
  </ItemGroup>
  <ItemGroup>
    <ClCompile Include="Quelle.cpp">
      <Filter>Quelldateien</Filter>
    </ClCompile>
    <ClCompile Include="Window\BaseWindow.cpp">
      <Filter>Quelldateien\Window</Filter>
    </ClCompile>
    <ClCompile Include="EntryPoint.cpp">
      <Filter>Quelldateien</Filter>
    </ClCompile>
    <ClCompile Include="Gfx\Gfx.cpp">
      <Filter>Quelldateien\Gfx</Filter>
    </ClCompile>
    <ClCompile Include="window\MainWindow.cpp">
      <Filter>Quelldateien\Window</Filter>
    </ClCompile>
    <ClCompile Include="Utils\Utils.cpp">
      <Filter>Quelldateien\Utils</Filter>
    </ClCompile>
  </ItemGroup>
  <ItemGroup>
    <ClInclude Include="window\BaseWindow.h">
      <Filter>Headerdateien\Window</Filter>
    </ClInclude>
    <ClInclude Include="window\MainWindow.h">
      <Filter>Headerdateien\Window</Filter>
    </ClInclude>
    <ClInclude Include="Utils\Utils.h">
      <Filter>Headerdateien\Utils</Filter>
    </ClInclude>
    <ClInclude Include="Gfx\Vertex.h">
      <Filter>Headerdateien</Filter>
    </ClInclude>
    <ClInclude Include="Gfx\Gfx.h">
      <Filter>Headerdateien\Gfx</Filter>
    </ClInclude>
  </ItemGroup>
  <ItemGroup>
    <FxCompile Include="Shaders\PixelShader.hlsl">
      <Filter>Ressourcendateien\Shaders</Filter>
    </FxCompile>
    <FxCompile Include="Shaders\VertexShader.hlsl">
      <Filter>Ressourcendateien\Shaders</Filter>
    </FxCompile>
  </ItemGroup>
</Project>